
Microsoft Visual Studio Solution File, Format Version 12.00
# Visual Studio Version 17
VisualStudioVersion = 17.0.31903.59
MinimumVisualStudioVersion = 10.0.40219.1
Project("{9A19103F-16F7-4668-BE54-9A1E7A4F7556}") = "BenEater8BitComputer.Emulator", "BenEater8BitComputer.Emulator\BenEater8BitComputer.Emulator.csproj", "{BDE71DCA-A1E8-4BCE-83AA-9C86B37453EC}"
EndProject
Project("{2150E333-8FDC-42A3-9474-1A3956D46DE8}") = "src", "src", "{C076DDB2-CF4E-4864-8CD2-E97E8CF3A693}"
EndProject
Project("{2150E333-8FDC-42A3-9474-1A3956D46DE8}") = "tests", "tests", "{A5265C41-B09F-454C-908F-EE5F8DD57CAC}"
EndProject
Project("{9A19103F-16F7-4668-BE54-9A1E7A4F7556}") = "BenEater8BitComputer.Emulator.Tests", "BenEater8BitComputer.Emulator.Tests\BenEater8BitComputer.Emulator.Tests.csproj", "{DD29FD1F-832B-459B-BE56-F738E409FC42}"
EndProject
Project("{9A19103F-16F7-4668-BE54-9A1E7A4F7556}") = "BenEater8BitComputer.Compiler", "BenEater8BitComputer.Compiler\BenEater8BitComputer.Compiler.csproj", "{2C10AA9F-730D-424C-9CE4-A5CF9BB8619E}"
EndProject
Project("{9A19103F-16F7-4668-BE54-9A1E7A4F7556}") = "BenEater8BitComputer.Compiler.Tests", "BenEater8BitComputer.Compiler.Tests\BenEater8BitComputer.Compiler.Tests.csproj", "{F680FC41-871C-4D07-BA63-4BFBB789ACA2}"
EndProject
Global
	GlobalSection(SolutionConfigurationPlatforms) = preSolution
		Debug|Any CPU = Debug|Any CPU
		Release|Any CPU = Release|Any CPU
	EndGlobalSection
	GlobalSection(ProjectConfigurationPlatforms) = postSolution
		{BDE71DCA-A1E8-4BCE-83AA-9C86B37453EC}.Debug|Any CPU.ActiveCfg = Debug|Any CPU
		{BDE71DCA-A1E8-4BCE-83AA-9C86B37453EC}.Debug|Any CPU.Build.0 = Debug|Any CPU
		{BDE71DCA-A1E8-4BCE-83AA-9C86B37453EC}.Release|Any CPU.ActiveCfg = Release|Any CPU
		{BDE71DCA-A1E8-4BCE-83AA-9C86B37453EC}.Release|Any CPU.Build.0 = Release|Any CPU
		{DD29FD1F-832B-459B-BE56-F738E409FC42}.Debug|Any CPU.ActiveCfg = Debug|Any CPU
		{DD29FD1F-832B-459B-BE56-F738E409FC42}.Debug|Any CPU.Build.0 = Debug|Any CPU
		{DD29FD1F-832B-459B-BE56-F738E409FC42}.Release|Any CPU.ActiveCfg = Release|Any CPU
		{DD29FD1F-832B-459B-BE56-F738E409FC42}.Release|Any CPU.Build.0 = Release|Any CPU
		{2C10AA9F-730D-424C-9CE4-A5CF9BB8619E}.Debug|Any CPU.ActiveCfg = Debug|Any CPU
		{2C10AA9F-730D-424C-9CE4-A5CF9BB8619E}.Debug|Any CPU.Build.0 = Debug|Any CPU
		{2C10AA9F-730D-424C-9CE4-A5CF9BB8619E}.Release|Any CPU.ActiveCfg = Release|Any CPU
		{2C10AA9F-730D-424C-9CE4-A5CF9BB8619E}.Release|Any CPU.Build.0 = Release|Any CPU
		{F680FC41-871C-4D07-BA63-4BFBB789ACA2}.Debug|Any CPU.ActiveCfg = Debug|Any CPU
		{F680FC41-871C-4D07-BA63-4BFBB789ACA2}.Debug|Any CPU.Build.0 = Debug|Any CPU
		{F680FC41-871C-4D07-BA63-4BFBB789ACA2}.Release|Any CPU.ActiveCfg = Release|Any CPU
		{F680FC41-871C-4D07-BA63-4BFBB789ACA2}.Release|Any CPU.Build.0 = Release|Any CPU
	EndGlobalSection
	GlobalSection(SolutionProperties) = preSolution
		HideSolutionNode = FALSE
	EndGlobalSection
	GlobalSection(NestedProjects) = preSolution
		{BDE71DCA-A1E8-4BCE-83AA-9C86B37453EC} = {C076DDB2-CF4E-4864-8CD2-E97E8CF3A693}
		{DD29FD1F-832B-459B-BE56-F738E409FC42} = {A5265C41-B09F-454C-908F-EE5F8DD57CAC}
		{2C10AA9F-730D-424C-9CE4-A5CF9BB8619E} = {C076DDB2-CF4E-4864-8CD2-E97E8CF3A693}
		{F680FC41-871C-4D07-BA63-4BFBB789ACA2} = {A5265C41-B09F-454C-908F-EE5F8DD57CAC}
	EndGlobalSection
	GlobalSection(ExtensibilityGlobals) = postSolution
		SolutionGuid = {54B58248-0D29-40BA-846E-71D29CE09E5C}
	EndGlobalSection
EndGlobal
